
Microsoft Visual Studio Solution File, Format Version 12.00
# Visual Studio 2013
VisualStudioVersion = 12.0.31101.0
MinimumVisualStudioVersion = 10.0.40219.1
Project("{FAE04EC0-301F-11D3-BF4B-00C04F79EFBC}") = "OperationGlacier", "OperationGlacier\OperationGlacier.csproj", "{87BD419B-0BC4-4480-977B-F6DA208D2B76}"
EndProject
Project("{FAE04EC0-301F-11D3-BF4B-00C04F79EFBC}") = "WITPJSON", "WITPJSON\WITPJSON.csproj", "{51F226C4-F4CA-4E94-8A8D-E27A7FEF11D8}"
EndProject
Project("{2150E333-8FDC-42A3-9474-1A3956D46DE8}") = ".nuget", ".nuget", "{EE1EFB9C-0F8E-4E6E-99A6-A4D3C0337B8A}"
	ProjectSection(SolutionItems) = preProject
		.nuget\packages.config = .nuget\packages.config
	EndProjectSection
EndProject
Global
	GlobalSection(SolutionConfigurationPlatforms) = preSolution
		Debug|Any CPU = Debug|Any CPU
		Release|Any CPU = Release|Any CPU
	EndGlobalSection
	GlobalSection(ProjectConfigurationPlatforms) = postSolution
		{87BD419B-0BC4-4480-977B-F6DA208D2B76}.Debug|Any CPU.ActiveCfg = Debug|Any CPU
		{87BD419B-0BC4-4480-977B-F6DA208D2B76}.Debug|Any CPU.Build.0 = Debug|Any CPU
		{87BD419B-0BC4-4480-977B-F6DA208D2B76}.Release|Any CPU.ActiveCfg = Release|Any CPU
		{87BD419B-0BC4-4480-977B-F6DA208D2B76}.Release|Any CPU.Build.0 = Release|Any CPU
		{51F226C4-F4CA-4E94-8A8D-E27A7FEF11D8}.Debug|Any CPU.ActiveCfg = Debug|Any CPU
		{51F226C4-F4CA-4E94-8A8D-E27A7FEF11D8}.Debug|Any CPU.Build.0 = Debug|Any CPU
		{51F226C4-F4CA-4E94-8A8D-E27A7FEF11D8}.Release|Any CPU.ActiveCfg = Release|Any CPU
		{51F226C4-F4CA-4E94-8A8D-E27A7FEF11D8}.Release|Any CPU.Build.0 = Release|Any CPU
	EndGlobalSection
	GlobalSection(SolutionProperties) = preSolution
		HideSolutionNode = FALSE
	EndGlobalSection
EndGlobal
